
Microsoft Visual Studio Solution File, Format Version 12.00
# Visual Studio Version 17
VisualStudioVersion = 17.4.33110.190
MinimumVisualStudioVersion = 10.0.40219.1
Project("{FAE04EC0-301F-11D3-BF4B-00C04F79EFBC}") = "MarsRover", "MarsRover\MarsRover.csproj", "{6DE14A8B-1F4E-470E-AE57-67D86A873EC5}"
EndProject
Project("{FAE04EC0-301F-11D3-BF4B-00C04F79EFBC}") = "MarsRover.Test", "MarsRover.Test\MarsRover.Test.csproj", "{79B2632D-C161-476B-A323-AC959EAD30CB}"
EndProject
Global
	GlobalSection(SolutionConfigurationPlatforms) = preSolution
		Debug|Any CPU = Debug|Any CPU
		Release|Any CPU = Release|Any CPU
	EndGlobalSection
	GlobalSection(ProjectConfigurationPlatforms) = postSolution
		{6DE14A8B-1F4E-470E-AE57-67D86A873EC5}.Debug|Any CPU.ActiveCfg = Debug|Any CPU
		{6DE14A8B-1F4E-470E-AE57-67D86A873EC5}.Debug|Any CPU.Build.0 = Debug|Any CPU
		{6DE14A8B-1F4E-470E-AE57-67D86A873EC5}.Release|Any CPU.ActiveCfg = Release|Any CPU
		{6DE14A8B-1F4E-470E-AE57-67D86A873EC5}.Release|Any CPU.Build.0 = Release|Any CPU
		{79B2632D-C161-476B-A323-AC959EAD30CB}.Debug|Any CPU.ActiveCfg = Debug|Any CPU
		{79B2632D-C161-476B-A323-AC959EAD30CB}.Debug|Any CPU.Build.0 = Debug|Any CPU
		{79B2632D-C161-476B-A323-AC959EAD30CB}.Release|Any CPU.ActiveCfg = Release|Any CPU
		{79B2632D-C161-476B-A323-AC959EAD30CB}.Release|Any CPU.Build.0 = Release|Any CPU
	EndGlobalSection
	GlobalSection(SolutionProperties) = preSolution
		HideSolutionNode = FALSE
	EndGlobalSection
	GlobalSection(ExtensibilityGlobals) = postSolution
		SolutionGuid = {856A14C8-84C2-4016-949D-974EE7EF30C1}
	EndGlobalSection
EndGlobal
